
Microsoft Visual Studio Solution File, Format Version 12.00
# Visual Studio Version 17
VisualStudioVersion = 17.7.34031.279
MinimumVisualStudioVersion = 10.0.40219.1
Project("{FAE04EC0-301F-11D3-BF4B-00C04F79EFBC}") = "Operations", "MathOperations\Operations.csproj", "{FE5DA3A2-5EAD-40A1-B341-B54B7705C7B6}"
EndProject
Project("{FAE04EC0-301F-11D3-BF4B-00C04F79EFBC}") = "Animals", "Animals\Animals.csproj", "{7FDEAE3A-F1E9-4098-A386-4C03229E1CBD}"
EndProject
Project("{FAE04EC0-301F-11D3-BF4B-00C04F79EFBC}") = "Shapes", "Shapes\Shapes.csproj", "{426BF146-1753-4E1E-BA96-232D8EB7CBC5}"
EndProject
Global
	GlobalSection(SolutionConfigurationPlatforms) = preSolution
		Debug|Any CPU = Debug|Any CPU
		Release|Any CPU = Release|Any CPU
	EndGlobalSection
	GlobalSection(ProjectConfigurationPlatforms) = postSolution
		{FE5DA3A2-5EAD-40A1-B341-B54B7705C7B6}.Debug|Any CPU.ActiveCfg = Debug|Any CPU
		{FE5DA3A2-5EAD-40A1-B341-B54B7705C7B6}.Debug|Any CPU.Build.0 = Debug|Any CPU
		{FE5DA3A2-5EAD-40A1-B341-B54B7705C7B6}.Release|Any CPU.ActiveCfg = Release|Any CPU
		{FE5DA3A2-5EAD-40A1-B341-B54B7705C7B6}.Release|Any CPU.Build.0 = Release|Any CPU
		{7FDEAE3A-F1E9-4098-A386-4C03229E1CBD}.Debug|Any CPU.ActiveCfg = Debug|Any CPU
		{7FDEAE3A-F1E9-4098-A386-4C03229E1CBD}.Debug|Any CPU.Build.0 = Debug|Any CPU
		{7FDEAE3A-F1E9-4098-A386-4C03229E1CBD}.Release|Any CPU.ActiveCfg = Release|Any CPU
		{7FDEAE3A-F1E9-4098-A386-4C03229E1CBD}.Release|Any CPU.Build.0 = Release|Any CPU
		{426BF146-1753-4E1E-BA96-232D8EB7CBC5}.Debug|Any CPU.ActiveCfg = Debug|Any CPU
		{426BF146-1753-4E1E-BA96-232D8EB7CBC5}.Debug|Any CPU.Build.0 = Debug|Any CPU
		{426BF146-1753-4E1E-BA96-232D8EB7CBC5}.Release|Any CPU.ActiveCfg = Release|Any CPU
		{426BF146-1753-4E1E-BA96-232D8EB7CBC5}.Release|Any CPU.Build.0 = Release|Any CPU
	EndGlobalSection
	GlobalSection(SolutionProperties) = preSolution
		HideSolutionNode = FALSE
	EndGlobalSection
	GlobalSection(ExtensibilityGlobals) = postSolution
		SolutionGuid = {01944923-54BC-46E7-B4FB-A6F54B240A71}
	EndGlobalSection
EndGlobal
